
Microsoft Visual Studio Solution File, Format Version 12.00
# Visual Studio Version 17
VisualStudioVersion = 17.0.31919.166
MinimumVisualStudioVersion = 10.0.40219.1
Project("{9A19103F-16F7-4668-BE54-9A1E7A4F7556}") = "MVC_study", "MVC_study.csproj", "{A6D4AEDC-D269-4D6B-A81B-9D7F6561A56E}"
EndProject
Project("{FAE04EC0-301F-11D3-BF4B-00C04F79EFBC}") = "additionally", "..\additionally\additionally.csproj", "{CE298778-3D73-46C1-B6D7-790DB3133ACC}"
EndProject
Global
	GlobalSection(SolutionConfigurationPlatforms) = preSolution
		Debug|Any CPU = Debug|Any CPU
		Release|Any CPU = Release|Any CPU
	EndGlobalSection
	GlobalSection(ProjectConfigurationPlatforms) = postSolution
		{A6D4AEDC-D269-4D6B-A81B-9D7F6561A56E}.Debug|Any CPU.ActiveCfg = Debug|Any CPU
		{A6D4AEDC-D269-4D6B-A81B-9D7F6561A56E}.Debug|Any CPU.Build.0 = Debug|Any CPU
		{A6D4AEDC-D269-4D6B-A81B-9D7F6561A56E}.Release|Any CPU.ActiveCfg = Release|Any CPU
		{A6D4AEDC-D269-4D6B-A81B-9D7F6561A56E}.Release|Any CPU.Build.0 = Release|Any CPU
		{CE298778-3D73-46C1-B6D7-790DB3133ACC}.Debug|Any CPU.ActiveCfg = Debug|Any CPU
		{CE298778-3D73-46C1-B6D7-790DB3133ACC}.Debug|Any CPU.Build.0 = Debug|Any CPU
		{CE298778-3D73-46C1-B6D7-790DB3133ACC}.Release|Any CPU.ActiveCfg = Release|Any CPU
		{CE298778-3D73-46C1-B6D7-790DB3133ACC}.Release|Any CPU.Build.0 = Release|Any CPU
	EndGlobalSection
	GlobalSection(SolutionProperties) = preSolution
		HideSolutionNode = FALSE
	EndGlobalSection
	GlobalSection(ExtensibilityGlobals) = postSolution
		SolutionGuid = {4C8335CB-207A-456C-88BE-3CEEB464F536}
	EndGlobalSection
EndGlobal
